// !$*UTF8*$!
{
	archiveVersion = 1;
	classes = {
	};
	objectVersion = 46;
	objects = {

/* Begin PBXBuildFile section */
		99FD55D248AAB5DCF3C55F34 /* libPods.a in Frameworks */ = {isa = PBXBuildFile; fileRef = EA8F4258009570F028980DCE /* libPods.a */; };
		C05F1FBD1BDEAA4F00EA05B7 /* AppDelegate.swift in Sources */ = {isa = PBXBuildFile; fileRef = C05F1FBC1BDEAA4F00EA05B7 /* AppDelegate.swift */; };
		C05F1FBF1BDEAA4F00EA05B7 /* ViewController.swift in Sources */ = {isa = PBXBuildFile; fileRef = C05F1FBE1BDEAA4F00EA05B7 /* ViewController.swift */; };
		C05F1FC21BDEAA4F00EA05B7 /* Main.storyboard in Resources */ = {isa = PBXBuildFile; fileRef = C05F1FC01BDEAA4F00EA05B7 /* Main.storyboard */; };
		C05F1FC41BDEAA4F00EA05B7 /* Assets.xcassets in Resources */ = {isa = PBXBuildFile; fileRef = C05F1FC31BDEAA4F00EA05B7 /* Assets.xcassets */; };
		C05F1FC71BDEAA4F00EA05B7 /* LaunchScreen.storyboard in Resources */ = {isa = PBXBuildFile; fileRef = C05F1FC51BDEAA4F00EA05B7 /* LaunchScreen.storyboard */; };
		C05F1FD21BDEAA4F00EA05B7 /* TCWineTourTests.swift in Sources */ = {isa = PBXBuildFile; fileRef = C05F1FD11BDEAA4F00EA05B7 /* TCWineTourTests.swift */; };
		C05F1FDD1BDEAA4F00EA05B7 /* TCWineTourUITests.swift in Sources */ = {isa = PBXBuildFile; fileRef = C05F1FDC1BDEAA4F00EA05B7 /* TCWineTourUITests.swift */; };
		C0FC4C731BDFCF7900054C8B /* Winery.swift in Sources */ = {isa = PBXBuildFile; fileRef = C0FC4C721BDFCF7800054C8B /* Winery.swift */; };
		C0FC4C761BE0012400054C8B /* Marker.swift in Sources */ = {isa = PBXBuildFile; fileRef = C0FC4C751BE0012400054C8B /* Marker.swift */; };
/* End PBXBuildFile section */

/* Begin PBXContainerItemProxy section */
		C05F1FCE1BDEAA4F00EA05B7 /* PBXContainerItemProxy */ = {
			isa = PBXContainerItemProxy;
			containerPortal = C05F1FB11BDEAA4F00EA05B7 /* Project object */;
			proxyType = 1;
			remoteGlobalIDString = C05F1FB81BDEAA4F00EA05B7;
			remoteInfo = TCWineTour;
		};
		C05F1FD91BDEAA4F00EA05B7 /* PBXContainerItemProxy */ = {
			isa = PBXContainerItemProxy;
			containerPortal = C05F1FB11BDEAA4F00EA05B7 /* Project object */;
			proxyType = 1;
			remoteGlobalIDString = C05F1FB81BDEAA4F00EA05B7;
			remoteInfo = TCWineTour;
		};
/* End PBXContainerItemProxy section */

/* Begin PBXFileReference section */
		078015B137FA5AD9901D5F60 /* Pods.debug.xcconfig */ = {isa = PBXFileReference; includeInIndex = 1; lastKnownFileType = text.xcconfig; name = Pods.debug.xcconfig; path = "Pods/Target Support Files/Pods/Pods.debug.xcconfig"; sourceTree = "<group>"; };
		427F593BF2C3AD57A713246D /* Pods.release.xcconfig */ = {isa = PBXFileReference; includeInIndex = 1; lastKnownFileType = text.xcconfig; name = Pods.release.xcconfig; path = "Pods/Target Support Files/Pods/Pods.release.xcconfig"; sourceTree = "<group>"; };
		C05F1FB91BDEAA4F00EA05B7 /* TCWineTour.app */ = {isa = PBXFileReference; explicitFileType = wrapper.application; includeInIndex = 0; path = TCWineTour.app; sourceTree = BUILT_PRODUCTS_DIR; };
		C05F1FBC1BDEAA4F00EA05B7 /* AppDelegate.swift */ = {isa = PBXFileReference; lastKnownFileType = sourcecode.swift; path = AppDelegate.swift; sourceTree = "<group>"; };
		C05F1FBE1BDEAA4F00EA05B7 /* ViewController.swift */ = {isa = PBXFileReference; lastKnownFileType = sourcecode.swift; path = ViewController.swift; sourceTree = "<group>"; };
		C05F1FC11BDEAA4F00EA05B7 /* Base */ = {isa = PBXFileReference; lastKnownFileType = file.storyboard; name = Base; path = Base.lproj/Main.storyboard; sourceTree = "<group>"; };
		C05F1FC31BDEAA4F00EA05B7 /* Assets.xcassets */ = {isa = PBXFileReference; lastKnownFileType = folder.assetcatalog; path = Assets.xcassets; sourceTree = "<group>"; };
		C05F1FC61BDEAA4F00EA05B7 /* Base */ = {isa = PBXFileReference; lastKnownFileType = file.storyboard; name = Base; path = Base.lproj/LaunchScreen.storyboard; sourceTree = "<group>"; };
		C05F1FC81BDEAA4F00EA05B7 /* Info.plist */ = {isa = PBXFileReference; lastKnownFileType = text.plist.xml; path = Info.plist; sourceTree = "<group>"; };
		C05F1FCD1BDEAA4F00EA05B7 /* TCWineTourTests.xctest */ = {isa = PBXFileReference; explicitFileType = wrapper.cfbundle; includeInIndex = 0; path = TCWineTourTests.xctest; sourceTree = BUILT_PRODUCTS_DIR; };
		C05F1FD11BDEAA4F00EA05B7 /* TCWineTourTests.swift */ = {isa = PBXFileReference; lastKnownFileType = sourcecode.swift; path = TCWineTourTests.swift; sourceTree = "<group>"; };
		C05F1FD31BDEAA4F00EA05B7 /* Info.plist */ = {isa = PBXFileReference; lastKnownFileType = text.plist.xml; path = Info.plist; sourceTree = "<group>"; };
		C05F1FD81BDEAA4F00EA05B7 /* TCWineTourUITests.xctest */ = {isa = PBXFileReference; explicitFileType = wrapper.cfbundle; includeInIndex = 0; path = TCWineTourUITests.xctest; sourceTree = BUILT_PRODUCTS_DIR; };
		C05F1FDC1BDEAA4F00EA05B7 /* TCWineTourUITests.swift */ = {isa = PBXFileReference; lastKnownFileType = sourcecode.swift; path = TCWineTourUITests.swift; sourceTree = "<group>"; };
		C05F1FDE1BDEAA4F00EA05B7 /* Info.plist */ = {isa = PBXFileReference; lastKnownFileType = text.plist.xml; path = Info.plist; sourceTree = "<group>"; };
		C0FC4C721BDFCF7800054C8B /* Winery.swift */ = {isa = PBXFileReference; fileEncoding = 4; lastKnownFileType = sourcecode.swift; path = Winery.swift; sourceTree = "<group>"; };
		C0FC4C751BE0012400054C8B /* Marker.swift */ = {isa = PBXFileReference; fileEncoding = 4; lastKnownFileType = sourcecode.swift; path = Marker.swift; sourceTree = "<group>"; };
		EA8F4258009570F028980DCE /* libPods.a */ = {isa = PBXFileReference; explicitFileType = archive.ar; includeInIndex = 0; path = libPods.a; sourceTree = BUILT_PRODUCTS_DIR; };
/* End PBXFileReference section */

/* Begin PBXFrameworksBuildPhase section */
		C05F1FB61BDEAA4F00EA05B7 /* Frameworks */ = {
			isa = PBXFrameworksBuildPhase;
			buildActionMask = 2147483647;
			files = (
				99FD55D248AAB5DCF3C55F34 /* libPods.a in Frameworks */,
			);
			runOnlyForDeploymentPostprocessing = 0;
		};
		C05F1FCA1BDEAA4F00EA05B7 /* Frameworks */ = {
			isa = PBXFrameworksBuildPhase;
			buildActionMask = 2147483647;
			files = (
			);
			runOnlyForDeploymentPostprocessing = 0;
		};
		C05F1FD51BDEAA4F00EA05B7 /* Frameworks */ = {
			isa = PBXFrameworksBuildPhase;
			buildActionMask = 2147483647;
			files = (
			);
			runOnlyForDeploymentPostprocessing = 0;
		};
/* End PBXFrameworksBuildPhase section */

/* Begin PBXGroup section */
		8BBF60C618AB750A58633A99 /* Pods */ = {
			isa = PBXGroup;
			children = (
				078015B137FA5AD9901D5F60 /* Pods.debug.xcconfig */,
				427F593BF2C3AD57A713246D /* Pods.release.xcconfig */,
			);
			name = Pods;
			sourceTree = "<group>";
		};
		C05F1FB01BDEAA4F00EA05B7 = {
			isa = PBXGroup;
			children = (
				C05F1FBB1BDEAA4F00EA05B7 /* TCWineTour */,
				C05F1FD01BDEAA4F00EA05B7 /* TCWineTourTests */,
				C05F1FDB1BDEAA4F00EA05B7 /* TCWineTourUITests */,
				C05F1FBA1BDEAA4F00EA05B7 /* Products */,
				8BBF60C618AB750A58633A99 /* Pods */,
				DDA17534B06D0BFFFD40227C /* Frameworks */,
			);
			sourceTree = "<group>";
		};
		C05F1FBA1BDEAA4F00EA05B7 /* Products */ = {
			isa = PBXGroup;
			children = (
				C05F1FB91BDEAA4F00EA05B7 /* TCWineTour.app */,
				C05F1FCD1BDEAA4F00EA05B7 /* TCWineTourTests.xctest */,
				C05F1FD81BDEAA4F00EA05B7 /* TCWineTourUITests.xctest */,
			);
			name = Products;
			sourceTree = "<group>";
		};
		C05F1FBB1BDEAA4F00EA05B7 /* TCWineTour */ = {
			isa = PBXGroup;
			children = (
				C05F1FBC1BDEAA4F00EA05B7 /* AppDelegate.swift */,
				C05F1FBE1BDEAA4F00EA05B7 /* ViewController.swift */,
				C05F1FC01BDEAA4F00EA05B7 /* Main.storyboard */,
				C05F1FC31BDEAA4F00EA05B7 /* Assets.xcassets */,
				C05F1FC51BDEAA4F00EA05B7 /* LaunchScreen.storyboard */,
				C05F1FC81BDEAA4F00EA05B7 /* Info.plist */,
				C0FC4C741BE0011100054C8B /* Model */,
			);
			path = TCWineTour;
			sourceTree = "<group>";
		};
		C05F1FD01BDEAA4F00EA05B7 /* TCWineTourTests */ = {
			isa = PBXGroup;
			children = (
				C05F1FD11BDEAA4F00EA05B7 /* TCWineTourTests.swift */,
				C05F1FD31BDEAA4F00EA05B7 /* Info.plist */,
			);
			path = TCWineTourTests;
			sourceTree = "<group>";
		};
		C05F1FDB1BDEAA4F00EA05B7 /* TCWineTourUITests */ = {
			isa = PBXGroup;
			children = (
				C05F1FDC1BDEAA4F00EA05B7 /* TCWineTourUITests.swift */,
				C05F1FDE1BDEAA4F00EA05B7 /* Info.plist */,
			);
			path = TCWineTourUITests;
			sourceTree = "<group>";
		};
		C0FC4C741BE0011100054C8B /* Model */ = {
			isa = PBXGroup;
			children = (
				C0FC4C721BDFCF7800054C8B /* Winery.swift */,
				C0FC4C751BE0012400054C8B /* Marker.swift */,
			);
			name = Model;
			sourceTree = "<group>";
		};
		DDA17534B06D0BFFFD40227C /* Frameworks */ = {
			isa = PBXGroup;
			children = (
				EA8F4258009570F028980DCE /* libPods.a */,
			);
			name = Frameworks;
			sourceTree = "<group>";
		};
/* End PBXGroup section */

/* Begin PBXNativeTarget section */
		C05F1FB81BDEAA4F00EA05B7 /* TCWineTour */ = {
			isa = PBXNativeTarget;
			buildConfigurationList = C05F1FE11BDEAA4F00EA05B7 /* Build configuration list for PBXNativeTarget "TCWineTour" */;
			buildPhases = (
				EF2A5EA4A55ED3ECB76F0EDF /* Check Pods Manifest.lock */,
				C05F1FB51BDEAA4F00EA05B7 /* Sources */,
				C05F1FB61BDEAA4F00EA05B7 /* Frameworks */,
				C05F1FB71BDEAA4F00EA05B7 /* Resources */,
				937D36A6D41E27212F13C4C6 /* Embed Pods Frameworks */,
				D65C4A79EFF887A2C1DE3032 /* Copy Pods Resources */,
			);
			buildRules = (
			);
			dependencies = (
			);
			name = TCWineTour;
			productName = TCWineTour;
			productReference = C05F1FB91BDEAA4F00EA05B7 /* TCWineTour.app */;
			productType = "com.apple.product-type.application";
		};
		C05F1FCC1BDEAA4F00EA05B7 /* TCWineTourTests */ = {
			isa = PBXNativeTarget;
			buildConfigurationList = C05F1FE41BDEAA4F00EA05B7 /* Build configuration list for PBXNativeTarget "TCWineTourTests" */;
			buildPhases = (
				C05F1FC91BDEAA4F00EA05B7 /* Sources */,
				C05F1FCA1BDEAA4F00EA05B7 /* Frameworks */,
				C05F1FCB1BDEAA4F00EA05B7 /* Resources */,
			);
			buildRules = (
			);
			dependencies = (
				C05F1FCF1BDEAA4F00EA05B7 /* PBXTargetDependency */,
			);
			name = TCWineTourTests;
			productName = TCWineTourTests;
			productReference = C05F1FCD1BDEAA4F00EA05B7 /* TCWineTourTests.xctest */;
			productType = "com.apple.product-type.bundle.unit-test";
		};
		C05F1FD71BDEAA4F00EA05B7 /* TCWineTourUITests */ = {
			isa = PBXNativeTarget;
			buildConfigurationList = C05F1FE71BDEAA4F00EA05B7 /* Build configuration list for PBXNativeTarget "TCWineTourUITests" */;
			buildPhases = (
				C05F1FD41BDEAA4F00EA05B7 /* Sources */,
				C05F1FD51BDEAA4F00EA05B7 /* Frameworks */,
				C05F1FD61BDEAA4F00EA05B7 /* Resources */,
			);
			buildRules = (
			);
			dependencies = (
				C05F1FDA1BDEAA4F00EA05B7 /* PBXTargetDependency */,
			);
			name = TCWineTourUITests;
			productName = TCWineTourUITests;
			productReference = C05F1FD81BDEAA4F00EA05B7 /* TCWineTourUITests.xctest */;
			productType = "com.apple.product-type.bundle.ui-testing";
		};
/* End PBXNativeTarget section */

/* Begin PBXProject section */
		C05F1FB11BDEAA4F00EA05B7 /* Project object */ = {
			isa = PBXProject;
			attributes = {
				LastUpgradeCheck = 0700;
				ORGANIZATIONNAME = DonovanCotter;
				TargetAttributes = {
					C05F1FB81BDEAA4F00EA05B7 = {
						CreatedOnToolsVersion = 7.0.1;
					};
					C05F1FCC1BDEAA4F00EA05B7 = {
						CreatedOnToolsVersion = 7.0.1;
						TestTargetID = C05F1FB81BDEAA4F00EA05B7;
					};
					C05F1FD71BDEAA4F00EA05B7 = {
						CreatedOnToolsVersion = 7.0.1;
						TestTargetID = C05F1FB81BDEAA4F00EA05B7;
					};
				};
			};
			buildConfigurationList = C05F1FB41BDEAA4F00EA05B7 /* Build configuration list for PBXProject "TCWineTour" */;
			compatibilityVersion = "Xcode 3.2";
			developmentRegion = English;
			hasScannedForEncodings = 0;
			knownRegions = (
				en,
				Base,
			);
			mainGroup = C05F1FB01BDEAA4F00EA05B7;
			productRefGroup = C05F1FBA1BDEAA4F00EA05B7 /* Products */;
			projectDirPath = "";
			projectRoot = "";
			targets = (
				C05F1FB81BDEAA4F00EA05B7 /* TCWineTour */,
				C05F1FCC1BDEAA4F00EA05B7 /* TCWineTourTests */,
				C05F1FD71BDEAA4F00EA05B7 /* TCWineTourUITests */,
			);
		};
/* End PBXProject section */

/* Begin PBXResourcesBuildPhase section */
		C05F1FB71BDEAA4F00EA05B7 /* Resources */ = {
			isa = PBXResourcesBuildPhase;
			buildActionMask = 2147483647;
			files = (
				C05F1FC71BDEAA4F00EA05B7 /* LaunchScreen.storyboard in Resources */,
				C05F1FC41BDEAA4F00EA05B7 /* Assets.xcassets in Resources */,
				C05F1FC21BDEAA4F00EA05B7 /* Main.storyboard in Resources */,
			);
			runOnlyForDeploymentPostprocessing = 0;
		};
		C05F1FCB1BDEAA4F00EA05B7 /* Resources */ = {
			isa = PBXResourcesBuildPhase;
			buildActionMask = 2147483647;
			files = (
			);
			runOnlyForDeploymentPostprocessing = 0;
		};
		C05F1FD61BDEAA4F00EA05B7 /* Resources */ = {
			isa = PBXResourcesBuildPhase;
			buildActionMask = 2147483647;
			files = (
			);
			runOnlyForDeploymentPostprocessing = 0;
		};
/* End PBXResourcesBuildPhase section */

/* Begin PBXShellScriptBuildPhase section */
		937D36A6D41E27212F13C4C6 /* Embed Pods Frameworks */ = {
			isa = PBXShellScriptBuildPhase;
			buildActionMask = 2147483647;
			files = (
			);
			inputPaths = (
			);
			name = "Embed Pods Frameworks";
			outputPaths = (
			);
			runOnlyForDeploymentPostprocessing = 0;
			shellPath = /bin/sh;
			shellScript = "\"${SRCROOT}/Pods/Target Support Files/Pods/Pods-frameworks.sh\"\n";
			showEnvVarsInLog = 0;
		};
		D65C4A79EFF887A2C1DE3032 /* Copy Pods Resources */ = {
			isa = PBXShellScriptBuildPhase;
			buildActionMask = 2147483647;
			files = (
			);
			inputPaths = (
			);
			name = "Copy Pods Resources";
			outputPaths = (
			);
			runOnlyForDeploymentPostprocessing = 0;
			shellPath = /bin/sh;
			shellScript = "\"${SRCROOT}/Pods/Target Support Files/Pods/Pods-resources.sh\"\n";
			showEnvVarsInLog = 0;
		};
		EF2A5EA4A55ED3ECB76F0EDF /* Check Pods Manifest.lock */ = {
			isa = PBXShellScriptBuildPhase;
			buildActionMask = 2147483647;
			files = (
			);
			inputPaths = (
			);
			name = "Check Pods Manifest.lock";
			outputPaths = (
			);
			runOnlyForDeploymentPostprocessing = 0;
			shellPath = /bin/sh;
			shellScript = "diff \"${PODS_ROOT}/../Podfile.lock\" \"${PODS_ROOT}/Manifest.lock\" > /dev/null\nif [[ $? != 0 ]] ; then\n    cat << EOM\nerror: The sandbox is not in sync with the Podfile.lock. Run 'pod install' or update your CocoaPods installation.\nEOM\n    exit 1\nfi\n";
			showEnvVarsInLog = 0;
		};
/* End PBXShellScriptBuildPhase section */

/* Begin PBXSourcesBuildPhase section */
		C05F1FB51BDEAA4F00EA05B7 /* Sources */ = {
			isa = PBXSourcesBuildPhase;
			buildActionMask = 2147483647;
			files = (
				C05F1FBF1BDEAA4F00EA05B7 /* ViewController.swift in Sources */,
				C0FC4C761BE0012400054C8B /* Marker.swift in Sources */,
				C0FC4C731BDFCF7900054C8B /* Winery.swift in Sources */,
				C05F1FBD1BDEAA4F00EA05B7 /* AppDelegate.swift in Sources */,
			);
			runOnlyForDeploymentPostprocessing = 0;
		};
		C05F1FC91BDEAA4F00EA05B7 /* Sources */ = {
			isa = PBXSourcesBuildPhase;
			buildActionMask = 2147483647;
			files = (
				C05F1FD21BDEAA4F00EA05B7 /* TCWineTourTests.swift in Sources */,
			);
			runOnlyForDeploymentPostprocessing = 0;
		};
		C05F1FD41BDEAA4F00EA05B7 /* Sources */ = {
			isa = PBXSourcesBuildPhase;
			buildActionMask = 2147483647;
			files = (
				C05F1FDD1BDEAA4F00EA05B7 /* TCWineTourUITests.swift in Sources */,
			);
			runOnlyForDeploymentPostprocessing = 0;
		};
/* End PBXSourcesBuildPhase section */

/* Begin PBXTargetDependency section */
		C05F1FCF1BDEAA4F00EA05B7 /* PBXTargetDependency */ = {
			isa = PBXTargetDependency;
			target = C05F1FB81BDEAA4F00EA05B7 /* TCWineTour */;
			targetProxy = C05F1FCE1BDEAA4F00EA05B7 /* PBXContainerItemProxy */;
		};
		C05F1FDA1BDEAA4F00EA05B7 /* PBXTargetDependency */ = {
			isa = PBXTargetDependency;
			target = C05F1FB81BDEAA4F00EA05B7 /* TCWineTour */;
			targetProxy = C05F1FD91BDEAA4F00EA05B7 /* PBXContainerItemProxy */;
		};
/* End PBXTargetDependency section */

/* Begin PBXVariantGroup section */
		C05F1FC01BDEAA4F00EA05B7 /* Main.storyboard */ = {
			isa = PBXVariantGroup;
			children = (
				C05F1FC11BDEAA4F00EA05B7 /* Base */,
			);
			name = Main.storyboard;
			sourceTree = "<group>";
		};
		C05F1FC51BDEAA4F00EA05B7 /* LaunchScreen.storyboard */ = {
			isa = PBXVariantGroup;
			children = (
				C05F1FC61BDEAA4F00EA05B7 /* Base */,
			);
			name = LaunchScreen.storyboard;
			sourceTree = "<group>";
		};
/* End PBXVariantGroup section */

/* Begin XCBuildConfiguration section */
		C05F1FDF1BDEAA4F00EA05B7 /* Debug */ = {
			isa = XCBuildConfiguration;
			buildSettings = {
				ALWAYS_SEARCH_USER_PATHS = NO;
				CLANG_CXX_LANGUAGE_STANDARD = "gnu++0x";
				CLANG_CXX_LIBRARY = "libc++";
				CLANG_ENABLE_MODULES = YES;
				CLANG_ENABLE_OBJC_ARC = YES;
				CLANG_WARN_BOOL_CONVERSION = YES;
				CLANG_WARN_CONSTANT_CONVERSION = YES;
				CLANG_WARN_DIRECT_OBJC_ISA_USAGE = YES_ERROR;
				CLANG_WARN_EMPTY_BODY = YES;
				CLANG_WARN_ENUM_CONVERSION = YES;
				CLANG_WARN_INT_CONVERSION = YES;
				CLANG_WARN_OBJC_ROOT_CLASS = YES_ERROR;
				CLANG_WARN_UNREACHABLE_CODE = YES;
				CLANG_WARN__DUPLICATE_METHOD_MATCH = YES;
				"CODE_SIGN_IDENTITY[sdk=iphoneos*]" = "iPhone Developer";
				COPY_PHASE_STRIP = NO;
				DEBUG_INFORMATION_FORMAT = dwarf;
				ENABLE_STRICT_OBJC_MSGSEND = YES;
				ENABLE_TESTABILITY = YES;
				GCC_C_LANGUAGE_STANDARD = gnu99;
				GCC_DYNAMIC_NO_PIC = NO;
				GCC_NO_COMMON_BLOCKS = YES;
				GCC_OPTIMIZATION_LEVEL = 0;
				GCC_PREPROCESSOR_DEFINITIONS = (
					"DEBUG=1",
					"$(inherited)",
				);
				GCC_WARN_64_TO_32_BIT_CONVERSION = YES;
				GCC_WARN_ABOUT_RETURN_TYPE = YES_ERROR;
				GCC_WARN_UNDECLARED_SELECTOR = YES;
				GCC_WARN_UNINITIALIZED_AUTOS = YES_AGGRESSIVE;
				GCC_WARN_UNUSED_FUNCTION = YES;
				GCC_WARN_UNUSED_VARIABLE = YES;
				IPHONEOS_DEPLOYMENT_TARGET = 9.0;
				MTL_ENABLE_DEBUG_INFO = YES;
				ONLY_ACTIVE_ARCH = YES;
				SDKROOT = iphoneos;
				SWIFT_OPTIMIZATION_LEVEL = "-Onone";
				TARGETED_DEVICE_FAMILY = "1,2";
			};
			name = Debug;
		};
		C05F1FE01BDEAA4F00EA05B7 /* Release */ = {
			isa = XCBuildConfiguration;
			buildSettings = {
				ALWAYS_SEARCH_USER_PATHS = NO;
				CLANG_CXX_LANGUAGE_STANDARD = "gnu++0x";
				CLANG_CXX_LIBRARY = "libc++";
				CLANG_ENABLE_MODULES = YES;
				CLANG_ENABLE_OBJC_ARC = YES;
				CLANG_WARN_BOOL_CONVERSION = YES;
				CLANG_WARN_CONSTANT_CONVERSION = YES;
				CLANG_WARN_DIRECT_OBJC_ISA_USAGE = YES_ERROR;
				CLANG_WARN_EMPTY_BODY = YES;
				CLANG_WARN_ENUM_CONVERSION = YES;
				CLANG_WARN_INT_CONVERSION = YES;
				CLANG_WARN_OBJC_ROOT_CLASS = YES_ERROR;
				CLANG_WARN_UNREACHABLE_CODE = YES;
				CLANG_WARN__DUPLICATE_METHOD_MATCH = YES;
				"CODE_SIGN_IDENTITY[sdk=iphoneos*]" = "iPhone Developer";
				COPY_PHASE_STRIP = NO;
				DEBUG_INFORMATION_FORMAT = "dwarf-with-dsym";
				ENABLE_NS_ASSERTIONS = NO;
				ENABLE_STRICT_OBJC_MSGSEND = YES;
				GCC_C_LANGUAGE_STANDARD = gnu99;
				GCC_NO_COMMON_BLOCKS = YES;
				GCC_WARN_64_TO_32_BIT_CONVERSION = YES;
				GCC_WARN_ABOUT_RETURN_TYPE = YES_ERROR;
				GCC_WARN_UNDECLARED_SELECTOR = YES;
				GCC_WARN_UNINITIALIZED_AUTOS = YES_AGGRESSIVE;
				GCC_WARN_UNUSED_FUNCTION = YES;
				GCC_WARN_UNUSED_VARIABLE = YES;
				IPHONEOS_DEPLOYMENT_TARGET = 9.0;
				MTL_ENABLE_DEBUG_INFO = NO;
				SDKROOT = iphoneos;
				TARGETED_DEVICE_FAMILY = "1,2";
				VALIDATE_PRODUCT = YES;
			};
			name = Release;
		};
		C05F1FE21BDEAA4F00EA05B7 /* Debug */ = {
			isa = XCBuildConfiguration;
			baseConfigurationReference = 078015B137FA5AD9901D5F60 /* Pods.debug.xcconfig */;
			buildSettings = {
				ASSETCATALOG_COMPILER_APPICON_NAME = AppIcon;
				INFOPLIST_FILE = TCWineTour/Info.plist;
				LD_RUNPATH_SEARCH_PATHS = "$(inherited) @executable_path/Frameworks";
				PRODUCT_BUNDLE_IDENTIFIER = com.donovan.cotter.TCWineTour;
				PRODUCT_NAME = "$(TARGET_NAME)";
			};
			name = Debug;
		};
		C05F1FE31BDEAA4F00EA05B7 /* Release */ = {
			isa = XCBuildConfiguration;
			baseConfigurationReference = 427F593BF2C3AD57A713246D /* Pods.release.xcconfig */;
			buildSettings = {
				ASSETCATALOG_COMPILER_APPICON_NAME = AppIcon;
				INFOPLIST_FILE = TCWineTour/Info.plist;
				LD_RUNPATH_SEARCH_PATHS = "$(inherited) @executable_path/Frameworks";
				PRODUCT_BUNDLE_IDENTIFIER = com.donovan.cotter.TCWineTour;
				PRODUCT_NAME = "$(TARGET_NAME)";
			};
			name = Release;
		};
		C05F1FE51BDEAA4F00EA05B7 /* Debug */ = {
			isa = XCBuildConfiguration;
			buildSettings = {
				BUNDLE_LOADER = "$(TEST_HOST)";
				INFOPLIST_FILE = TCWineTourTests/Info.plist;
				LD_RUNPATH_SEARCH_PATHS = "$(inherited) @executable_path/Frameworks @loader_path/Frameworks";
				PRODUCT_BUNDLE_IDENTIFIER = com.donovan.cotter.TCWineTourTests;
				PRODUCT_NAME = "$(TARGET_NAME)";
				TEST_HOST = "$(BUILT_PRODUCTS_DIR)/TCWineTour.app/TCWineTour";
			};
			name = Debug;
		};
		C05F1FE61BDEAA4F00EA05B7 /* Release */ = {
			isa = XCBuildConfiguration;
			buildSettings = {
				BUNDLE_LOADER = "$(TEST_HOST)";
				INFOPLIST_FILE = TCWineTourTests/Info.plist;
				LD_RUNPATH_SEARCH_PATHS = "$(inherited) @executable_path/Frameworks @loader_path/Frameworks";
				PRODUCT_BUNDLE_IDENTIFIER = com.donovan.cotter.TCWineTourTests;
				PRODUCT_NAME = "$(TARGET_NAME)";
				TEST_HOST = "$(BUILT_PRODUCTS_DIR)/TCWineTour.app/TCWineTour";
			};
			name = Release;
		};
		C05F1FE81BDEAA4F00EA05B7 /* Debug */ = {
			isa = XCBuildConfiguration;
			buildSettings = {
				INFOPLIST_FILE = TCWineTourUITests/Info.plist;
				LD_RUNPATH_SEARCH_PATHS = "$(inherited) @executable_path/Frameworks @loader_path/Frameworks";
				PRODUCT_BUNDLE_IDENTIFIER = com.donovan.cotter.TCWineTourUITests;
				PRODUCT_NAME = "$(TARGET_NAME)";
				TEST_TARGET_NAME = TCWineTour;
				USES_XCTRUNNER = YES;
			};
			name = Debug;
		};
		C05F1FE91BDEAA4F00EA05B7 /* Release */ = {
			isa = XCBuildConfiguration;
			buildSettings = {
				INFOPLIST_FILE = TCWineTourUITests/Info.plist;
				LD_RUNPATH_SEARCH_PATHS = "$(inherited) @executable_path/Frameworks @loader_path/Frameworks";
				PRODUCT_BUNDLE_IDENTIFIER = com.donovan.cotter.TCWineTourUITests;
				PRODUCT_NAME = "$(TARGET_NAME)";
				TEST_TARGET_NAME = TCWineTour;
				USES_XCTRUNNER = YES;
			};
			name = Release;
		};
/* End XCBuildConfiguration section */

/* Begin XCConfigurationList section */
		C05F1FB41BDEAA4F00EA05B7 /* Build configuration list for PBXProject "TCWineTour" */ = {
			isa = XCConfigurationList;
			buildConfigurations = (
				C05F1FDF1BDEAA4F00EA05B7 /* Debug */,
				C05F1FE01BDEAA4F00EA05B7 /* Release */,
			);
			defaultConfigurationIsVisible = 0;
			defaultConfigurationName = Release;
		};
		C05F1FE11BDEAA4F00EA05B7 /* Build configuration list for PBXNativeTarget "TCWineTour" */ = {
			isa = XCConfigurationList;
			buildConfigurations = (
				C05F1FE21BDEAA4F00EA05B7 /* Debug */,
				C05F1FE31BDEAA4F00EA05B7 /* Release */,
			);
			defaultConfigurationIsVisible = 0;
			defaultConfigurationName = Release;
		};
		C05F1FE41BDEAA4F00EA05B7 /* Build configuration list for PBXNativeTarget "TCWineTourTests" */ = {
			isa = XCConfigurationList;
			buildConfigurations = (
				C05F1FE51BDEAA4F00EA05B7 /* Debug */,
				C05F1FE61BDEAA4F00EA05B7 /* Release */,
			);
			defaultConfigurationIsVisible = 0;
			defaultConfigurationName = Release;
		};
		C05F1FE71BDEAA4F00EA05B7 /* Build configuration list for PBXNativeTarget "TCWineTourUITests" */ = {
			isa = XCConfigurationList;
			buildConfigurations = (
				C05F1FE81BDEAA4F00EA05B7 /* Debug */,
				C05F1FE91BDEAA4F00EA05B7 /* Release */,
			);
			defaultConfigurationIsVisible = 0;
			defaultConfigurationName = Release;
		};
/* End XCConfigurationList section */
	};
	rootObject = C05F1FB11BDEAA4F00EA05B7 /* Project object */;
}
